// !$*UTF8*$!
{
	archiveVersion = 1;
	classes = {
	};
	objectVersion = 48;
	objects = {

/* Begin PBXBuildFile section */
		AA28244E1F95CE460029B748 /* kbrightness in Resources */ = {isa = PBXBuildFile; fileRef = AA28244D1F95CE3B0029B748 /* kbrightness */; };
		AA2824501F95D8EC0029B748 /* KeyboardUtilFunctions.swift in Sources */ = {isa = PBXBuildFile; fileRef = AA28244F1F95D8EC0029B748 /* KeyboardUtilFunctions.swift */; };
		AA2824521F95D9570029B748 /* KeyboardBrightnessManager.swift in Sources */ = {isa = PBXBuildFile; fileRef = AA2824511F95D9570029B748 /* KeyboardBrightnessManager.swift */; };
		AA48B26F1F95AFCF0094153B /* AppDelegate.swift in Sources */ = {isa = PBXBuildFile; fileRef = AA48B26E1F95AFCF0094153B /* AppDelegate.swift */; };
		AA48B2921F95B7EE0094153B /* Observer.swift in Sources */ = {isa = PBXBuildFile; fileRef = AA48B2911F95B7EE0094153B /* Observer.swift */; };
		AA99EF801F95B9D700CF3C04 /* Main.storyboard in Resources */ = {isa = PBXBuildFile; fileRef = AA99EF7F1F95B9D700CF3C04 /* Main.storyboard */; };
/* End PBXBuildFile section */

/* Begin PBXFileReference section */
		AA28244D1F95CE3B0029B748 /* kbrightness */ = {isa = PBXFileReference; lastKnownFileType = "compiled.mach-o.executable"; path = kbrightness; sourceTree = "<group>"; };
		AA28244F1F95D8EC0029B748 /* KeyboardUtilFunctions.swift */ = {isa = PBXFileReference; lastKnownFileType = sourcecode.swift; path = KeyboardUtilFunctions.swift; sourceTree = "<group>"; };
		AA2824511F95D9570029B748 /* KeyboardBrightnessManager.swift */ = {isa = PBXFileReference; lastKnownFileType = sourcecode.swift; path = KeyboardBrightnessManager.swift; sourceTree = "<group>"; };
		AA48B26B1F95AFCF0094153B /* SleepPulse.app */ = {isa = PBXFileReference; explicitFileType = wrapper.application; includeInIndex = 0; path = SleepPulse.app; sourceTree = BUILT_PRODUCTS_DIR; };
		AA48B26E1F95AFCF0094153B /* AppDelegate.swift */ = {isa = PBXFileReference; lastKnownFileType = sourcecode.swift; path = AppDelegate.swift; sourceTree = "<group>"; };
		AA48B2771F95AFD00094153B /* Info.plist */ = {isa = PBXFileReference; lastKnownFileType = text.plist.xml; path = Info.plist; sourceTree = "<group>"; };
		AA48B2911F95B7EE0094153B /* Observer.swift */ = {isa = PBXFileReference; lastKnownFileType = sourcecode.swift; path = Observer.swift; sourceTree = "<group>"; };
		AA99EF7F1F95B9D700CF3C04 /* Main.storyboard */ = {isa = PBXFileReference; fileEncoding = 4; lastKnownFileType = file.storyboard; path = Main.storyboard; sourceTree = "<group>"; };
/* End PBXFileReference section */

/* Begin PBXFrameworksBuildPhase section */
		AA48B2681F95AFCF0094153B /* Frameworks */ = {
			isa = PBXFrameworksBuildPhase;
			buildActionMask = 2147483647;
			files = (
			);
			runOnlyForDeploymentPostprocessing = 0;
		};
/* End PBXFrameworksBuildPhase section */

/* Begin PBXGroup section */
		AA48B2621F95AFCF0094153B = {
			isa = PBXGroup;
			children = (
				AA48B26D1F95AFCF0094153B /* SleepPulse */,
				AA48B26C1F95AFCF0094153B /* Products */,
			);
			sourceTree = "<group>";
		};
		AA48B26C1F95AFCF0094153B /* Products */ = {
			isa = PBXGroup;
			children = (
				AA48B26B1F95AFCF0094153B /* SleepPulse.app */,
			);
			name = Products;
			sourceTree = "<group>";
		};
		AA48B26D1F95AFCF0094153B /* SleepPulse */ = {
			isa = PBXGroup;
			children = (
				AA48B26E1F95AFCF0094153B /* AppDelegate.swift */,
				AA2824511F95D9570029B748 /* KeyboardBrightnessManager.swift */,
				AA28244F1F95D8EC0029B748 /* KeyboardUtilFunctions.swift */,
				AA48B2911F95B7EE0094153B /* Observer.swift */,
				AA99EF7F1F95B9D700CF3C04 /* Main.storyboard */,
				AA48B2771F95AFD00094153B /* Info.plist */,
				AA28244D1F95CE3B0029B748 /* kbrightness */,
			);
			path = SleepPulse;
			sourceTree = "<group>";
		};
/* End PBXGroup section */

/* Begin PBXNativeTarget section */
		AA48B26A1F95AFCF0094153B /* SleepPulse */ = {
			isa = PBXNativeTarget;
			buildConfigurationList = AA48B27B1F95AFD00094153B /* Build configuration list for PBXNativeTarget "SleepPulse" */;
			buildPhases = (
				AA48B2671F95AFCF0094153B /* Sources */,
				AA48B2681F95AFCF0094153B /* Frameworks */,
				AA48B2691F95AFCF0094153B /* Resources */,
			);
			buildRules = (
			);
			dependencies = (
			);
			name = SleepPulse;
			productName = SleepTest;
			productReference = AA48B26B1F95AFCF0094153B /* SleepPulse.app */;
			productType = "com.apple.product-type.application";
		};
/* End PBXNativeTarget section */

/* Begin PBXProject section */
		AA48B2631F95AFCF0094153B /* Project object */ = {
			isa = PBXProject;
			attributes = {
				LastSwiftUpdateCheck = 0900;
				LastUpgradeCheck = 0900;
				ORGANIZATIONNAME = "Philip-Nicolas";
				TargetAttributes = {
					AA48B26A1F95AFCF0094153B = {
						CreatedOnToolsVersion = 9.0;
						LastSwiftMigration = 0900;
						ProvisioningStyle = Automatic;
						SystemCapabilities = {
							com.apple.Sandbox = {
								enabled = 0;
							};
						};
					};
				};
			};
			buildConfigurationList = AA48B2661F95AFCF0094153B /* Build configuration list for PBXProject "SleepPulse" */;
			compatibilityVersion = "Xcode 8.0";
			developmentRegion = en;
			hasScannedForEncodings = 0;
			knownRegions = (
				en,
				Base,
			);
			mainGroup = AA48B2621F95AFCF0094153B;
			productRefGroup = AA48B26C1F95AFCF0094153B /* Products */;
			projectDirPath = "";
			projectRoot = "";
			targets = (
				AA48B26A1F95AFCF0094153B /* SleepPulse */,
			);
		};
/* End PBXProject section */

/* Begin PBXResourcesBuildPhase section */
		AA48B2691F95AFCF0094153B /* Resources */ = {
			isa = PBXResourcesBuildPhase;
			buildActionMask = 2147483647;
			files = (
				AA28244E1F95CE460029B748 /* kbrightness in Resources */,
				AA99EF801F95B9D700CF3C04 /* Main.storyboard in Resources */,
			);
			runOnlyForDeploymentPostprocessing = 0;
		};
/* End PBXResourcesBuildPhase section */

/* Begin PBXSourcesBuildPhase section */
		AA48B2671F95AFCF0094153B /* Sources */ = {
			isa = PBXSourcesBuildPhase;
			buildActionMask = 2147483647;
			files = (
				AA48B26F1F95AFCF0094153B /* AppDelegate.swift in Sources */,
				AA2824501F95D8EC0029B748 /* KeyboardUtilFunctions.swift in Sources */,
				AA48B2921F95B7EE0094153B /* Observer.swift in Sources */,
				AA2824521F95D9570029B748 /* KeyboardBrightnessManager.swift in Sources */,
			);
			runOnlyForDeploymentPostprocessing = 0;
		};
/* End PBXSourcesBuildPhase section */

/* Begin XCBuildConfiguration section */
		AA48B2791F95AFD00094153B /* Debug */ = {
			isa = XCBuildConfiguration;
			buildSettings = {
				ALWAYS_SEARCH_USER_PATHS = NO;
				CLANG_ANALYZER_NONNULL = YES;
				CLANG_ANALYZER_NUMBER_OBJECT_CONVERSION = YES_AGGRESSIVE;
				CLANG_CXX_LANGUAGE_STANDARD = "gnu++14";
				CLANG_CXX_LIBRARY = "libc++";
				CLANG_ENABLE_MODULES = YES;
				CLANG_ENABLE_OBJC_ARC = YES;
				CLANG_WARN_BLOCK_CAPTURE_AUTORELEASING = YES;
				CLANG_WARN_BOOL_CONVERSION = YES;
				CLANG_WARN_COMMA = YES;
				CLANG_WARN_CONSTANT_CONVERSION = YES;
				CLANG_WARN_DIRECT_OBJC_ISA_USAGE = YES_ERROR;
				CLANG_WARN_DOCUMENTATION_COMMENTS = YES;
				CLANG_WARN_EMPTY_BODY = YES;
				CLANG_WARN_ENUM_CONVERSION = YES;
				CLANG_WARN_INFINITE_RECURSION = YES;
				CLANG_WARN_INT_CONVERSION = YES;
				CLANG_WARN_NON_LITERAL_NULL_CONVERSION = YES;
				CLANG_WARN_OBJC_LITERAL_CONVERSION = YES;
				CLANG_WARN_OBJC_ROOT_CLASS = YES_ERROR;
				CLANG_WARN_RANGE_LOOP_ANALYSIS = YES;
				CLANG_WARN_STRICT_PROTOTYPES = YES;
				CLANG_WARN_SUSPICIOUS_MOVE = YES;
				CLANG_WARN_UNGUARDED_AVAILABILITY = YES_AGGRESSIVE;
				CLANG_WARN_UNREACHABLE_CODE = YES;
				CLANG_WARN__DUPLICATE_METHOD_MATCH = YES;
				CODE_SIGN_IDENTITY = "Mac Developer";
				COPY_PHASE_STRIP = NO;
				DEBUG_INFORMATION_FORMAT = dwarf;
				ENABLE_STRICT_OBJC_MSGSEND = YES;
				ENABLE_TESTABILITY = YES;
				GCC_C_LANGUAGE_STANDARD = gnu11;
				GCC_DYNAMIC_NO_PIC = NO;
				GCC_NO_COMMON_BLOCKS = YES;
				GCC_OPTIMIZATION_LEVEL = 0;
				GCC_PREPROCESSOR_DEFINITIONS = (
					"DEBUG=1",
					"$(inherited)",
				);
				GCC_WARN_64_TO_32_BIT_CONVERSION = YES;
				GCC_WARN_ABOUT_RETURN_TYPE = YES_ERROR;
				GCC_WARN_UNDECLARED_SELECTOR = YES;
				GCC_WARN_UNINITIALIZED_AUTOS = YES_AGGRESSIVE;
				GCC_WARN_UNUSED_FUNCTION = YES;
				GCC_WARN_UNUSED_VARIABLE = YES;
				MACOSX_DEPLOYMENT_TARGET = 10.12;
				MTL_ENABLE_DEBUG_INFO = YES;
				ONLY_ACTIVE_ARCH = YES;
				SDKROOT = macosx;
				SWIFT_ACTIVE_COMPILATION_CONDITIONS = DEBUG;
				SWIFT_OPTIMIZATION_LEVEL = "-Onone";
			};
			name = Debug;
		};
		AA48B27A1F95AFD00094153B /* Release */ = {
			isa = XCBuildConfiguration;
			buildSettings = {
				ALWAYS_SEARCH_USER_PATHS = NO;
				CLANG_ANALYZER_NONNULL = YES;
				CLANG_ANALYZER_NUMBER_OBJECT_CONVERSION = YES_AGGRESSIVE;
				CLANG_CXX_LANGUAGE_STANDARD = "gnu++14";
				CLANG_CXX_LIBRARY = "libc++";
				CLANG_ENABLE_MODULES = YES;
				CLANG_ENABLE_OBJC_ARC = YES;
				CLANG_WARN_BLOCK_CAPTURE_AUTORELEASING = YES;
				CLANG_WARN_BOOL_CONVERSION = YES;
				CLANG_WARN_COMMA = YES;
				CLANG_WARN_CONSTANT_CONVERSION = YES;
				CLANG_WARN_DIRECT_OBJC_ISA_USAGE = YES_ERROR;
				CLANG_WARN_DOCUMENTATION_COMMENTS = YES;
				CLANG_WARN_EMPTY_BODY = YES;
				CLANG_WARN_ENUM_CONVERSION = YES;
				CLANG_WARN_INFINITE_RECURSION = YES;
				CLANG_WARN_INT_CONVERSION = YES;
				CLANG_WARN_NON_LITERAL_NULL_CONVERSION = YES;
				CLANG_WARN_OBJC_LITERAL_CONVERSION = YES;
				CLANG_WARN_OBJC_ROOT_CLASS = YES_ERROR;
				CLANG_WARN_RANGE_LOOP_ANALYSIS = YES;
				CLANG_WARN_STRICT_PROTOTYPES = YES;
				CLANG_WARN_SUSPICIOUS_MOVE = YES;
				CLANG_WARN_UNGUARDED_AVAILABILITY = YES_AGGRESSIVE;
				CLANG_WARN_UNREACHABLE_CODE = YES;
				CLANG_WARN__DUPLICATE_METHOD_MATCH = YES;
				CODE_SIGN_IDENTITY = "Mac Developer";
				COPY_PHASE_STRIP = NO;
				DEBUG_INFORMATION_FORMAT = "dwarf-with-dsym";
				ENABLE_NS_ASSERTIONS = NO;
				ENABLE_STRICT_OBJC_MSGSEND = YES;
				GCC_C_LANGUAGE_STANDARD = gnu11;
				GCC_NO_COMMON_BLOCKS = YES;
				GCC_WARN_64_TO_32_BIT_CONVERSION = YES;
				GCC_WARN_ABOUT_RETURN_TYPE = YES_ERROR;
				GCC_WARN_UNDECLARED_SELECTOR = YES;
				GCC_WARN_UNINITIALIZED_AUTOS = YES_AGGRESSIVE;
				GCC_WARN_UNUSED_FUNCTION = YES;
				GCC_WARN_UNUSED_VARIABLE = YES;
				MACOSX_DEPLOYMENT_TARGET = 10.12;
				MTL_ENABLE_DEBUG_INFO = NO;
				SDKROOT = macosx;
				SWIFT_OPTIMIZATION_LEVEL = "-Owholemodule";
			};
			name = Release;
		};
		AA48B27C1F95AFD00094153B /* Debug */ = {
			isa = XCBuildConfiguration;
			buildSettings = {
				ASSETCATALOG_COMPILER_APPICON_NAME = AppIcon;
				CLANG_ENABLE_MODULES = YES;
				CODE_SIGN_STYLE = Automatic;
				COMBINE_HIDPI_IMAGES = YES;
				DEVELOPMENT_TEAM = K329CHPQB3;
				EMBED_ASSET_PACKS_IN_PRODUCT_BUNDLE = YES;
				INFOPLIST_FILE = SleepPulse/Info.plist;
				LD_RUNPATH_SEARCH_PATHS = "$(inherited) @executable_path/../Frameworks";
				PRODUCT_BUNDLE_IDENTIFIER = FrenchToastMafia.SleepTest;
				PRODUCT_NAME = "$(TARGET_NAME)";
				SWIFT_OPTIMIZATION_LEVEL = "-Onone";
				SWIFT_VERSION = 4.0;
			};
			name = Debug;
		};
		AA48B27D1F95AFD00094153B /* Release */ = {
			isa = XCBuildConfiguration;
			buildSettings = {
				ASSETCATALOG_COMPILER_APPICON_NAME = AppIcon;
				CLANG_ENABLE_MODULES = YES;
				CODE_SIGN_STYLE = Automatic;
				COMBINE_HIDPI_IMAGES = YES;
				DEVELOPMENT_TEAM = K329CHPQB3;
				EMBED_ASSET_PACKS_IN_PRODUCT_BUNDLE = YES;
				INFOPLIST_FILE = SleepPulse/Info.plist;
				LD_RUNPATH_SEARCH_PATHS = "$(inherited) @executable_path/../Frameworks";
				PRODUCT_BUNDLE_IDENTIFIER = FrenchToastMafia.SleepTest;
				PRODUCT_NAME = "$(TARGET_NAME)";
				SWIFT_VERSION = 4.0;
			};
			name = Release;
		};
/* End XCBuildConfiguration section */

/* Begin XCConfigurationList section */
		AA48B2661F95AFCF0094153B /* Build configuration list for PBXProject "SleepPulse" */ = {
			isa = XCConfigurationList;
			buildConfigurations = (
				AA48B2791F95AFD00094153B /* Debug */,
				AA48B27A1F95AFD00094153B /* Release */,
			);
			defaultConfigurationIsVisible = 0;
			defaultConfigurationName = Release;
		};
		AA48B27B1F95AFD00094153B /* Build configuration list for PBXNativeTarget "SleepPulse" */ = {
			isa = XCConfigurationList;
			buildConfigurations = (
				AA48B27C1F95AFD00094153B /* Debug */,
				AA48B27D1F95AFD00094153B /* Release */,
			);
			defaultConfigurationIsVisible = 0;
			defaultConfigurationName = Release;
		};
/* End XCConfigurationList section */
	};
	rootObject = AA48B2631F95AFCF0094153B /* Project object */;
}
